<?xml version="1.0" encoding="UTF-8" standalone="yes" ?>
<CodeBlocks_project_file>
	<FileVersion major="1" minor="6" />
	<Project>
		<Option title="Plan - scripts" />
		<Option compiler="gcc" />
		<Option show_notes="0">
			<notes>
				<![CDATA[Change license from MIT to BSL]]>
			</notes>
		</Option>
		<Build>
			<Target title="default">
				<Option output="any-lite" prefix_auto="1" extension_auto="1" />
				<Option type="0" />
				<Option compiler="gcc" />
			</Target>
		</Build>
		<Unit filename="../../file/.travis.yml" />
		<Unit filename="../../file/CMakeLists.txt" />
		<Unit filename="../../file/LICENSE.txt" />
		<Unit filename="../../file/appveyor.yml" />
		<Unit filename="../../file/script/update-version.py" />
		<Unit filename="../../file/test/CMakeLists.txt" />
		<Unit filename="../../file/test/t.bat" />
		<Unit filename="../../file/test/tc.bat" />
		<Unit filename="../../file/test/tg.bat" />
		<Unit filename="../../link/01-kanbanflow-license-bsl.url" />
		<Unit filename="../../link/02-kanbanflow-std-version.url" />
		<Unit filename="../../link/03-kanbanflow-prj-version.url" />
		<Unit filename="../../plan/01-plan-license-bsl.txt" />
		<Unit filename="../../plan/02-plan-std-version.txt" />
		<Unit filename="../../plan/03-plan-prj-version.txt" />
		<Unit filename="../../plan/04-plan-force-use.txt" />
		<Unit filename="../../plan/05-plan-compiler-features.txt" />
		<Unit filename="../../plan/06-plan-build-attr-ext-vis.txt" />
		<Unit filename="../../plan/07-plan-build-batch.txt" />
		<Unit filename="../../plan/08-plan-build-cmake.txt" />
		<Unit filename="../../plan/09-plan-build-appveyor.txt" />
		<Unit filename="../../plan/10-plan-build-travis.txt" />
		<Unit filename="../../test/combine-any-exp-opt-var.cpp" />
		<Extensions>
			<code_completion />
			<envvars />
			<debugger />
			<lib_finder disable_auto="1" />
		</Extensions>
	</Project>
</CodeBlocks_project_file>
